
Microsoft Visual Studio Solution File, Format Version 12.00
# Visual Studio 2012
Project("{FAE04EC0-301F-11D3-BF4B-00C04F79EFBC}") = "lgTest", "lgTest\lgTest.csproj", "{551EEF1B-BDB7-4678-BBA6-3EDC01864F28}"
EndProject
Project("{FAE04EC0-301F-11D3-BF4B-00C04F79EFBC}") = "EventHandler", "EventHandler\EventHandler.csproj", "{CFAEE660-1CF5-4D8B-8AE6-1D22E4E0693E}"
EndProject
Project("{FAE04EC0-301F-11D3-BF4B-00C04F79EFBC}") = "LinqToXml", "LinqToXml\LinqToXml.csproj", "{EE16478D-506E-4321-8C93-69476FCF900F}"
EndProject
Project("{FAE04EC0-301F-11D3-BF4B-00C04F79EFBC}") = "ExtDllConsole", "ExtDllConsole\ExtDllConsole.csproj", "{C06E9006-5332-4A24-8EB5-947CE9E9C4BF}"
EndProject
Project("{FAE04EC0-301F-11D3-BF4B-00C04F79EFBC}") = "RavDb", "RavDb\RavDb.csproj", "{BBD4B737-8103-48BC-98D5-27AB17916887}"
EndProject
Project("{2150E333-8FDC-42A3-9474-1A3956D46DE8}") = ".nuget", ".nuget", "{AA70F5CC-B4F7-4F9D-AC65-ABEB8CB90268}"
	ProjectSection(SolutionItems) = preProject
		.nuget\packages.config = .nuget\packages.config
	EndProjectSection
EndProject
Global
	GlobalSection(SolutionConfigurationPlatforms) = preSolution
		Debug|Any CPU = Debug|Any CPU
		Release|Any CPU = Release|Any CPU
	EndGlobalSection
	GlobalSection(ProjectConfigurationPlatforms) = postSolution
		{551EEF1B-BDB7-4678-BBA6-3EDC01864F28}.Debug|Any CPU.ActiveCfg = Debug|Any CPU
		{551EEF1B-BDB7-4678-BBA6-3EDC01864F28}.Debug|Any CPU.Build.0 = Debug|Any CPU
		{551EEF1B-BDB7-4678-BBA6-3EDC01864F28}.Release|Any CPU.ActiveCfg = Release|Any CPU
		{551EEF1B-BDB7-4678-BBA6-3EDC01864F28}.Release|Any CPU.Build.0 = Release|Any CPU
		{CFAEE660-1CF5-4D8B-8AE6-1D22E4E0693E}.Debug|Any CPU.ActiveCfg = Debug|Any CPU
		{CFAEE660-1CF5-4D8B-8AE6-1D22E4E0693E}.Debug|Any CPU.Build.0 = Debug|Any CPU
		{CFAEE660-1CF5-4D8B-8AE6-1D22E4E0693E}.Release|Any CPU.ActiveCfg = Release|Any CPU
		{CFAEE660-1CF5-4D8B-8AE6-1D22E4E0693E}.Release|Any CPU.Build.0 = Release|Any CPU
		{EE16478D-506E-4321-8C93-69476FCF900F}.Debug|Any CPU.ActiveCfg = Debug|Any CPU
		{EE16478D-506E-4321-8C93-69476FCF900F}.Debug|Any CPU.Build.0 = Debug|Any CPU
		{EE16478D-506E-4321-8C93-69476FCF900F}.Release|Any CPU.ActiveCfg = Release|Any CPU
		{EE16478D-506E-4321-8C93-69476FCF900F}.Release|Any CPU.Build.0 = Release|Any CPU
		{C06E9006-5332-4A24-8EB5-947CE9E9C4BF}.Debug|Any CPU.ActiveCfg = Debug|Any CPU
		{C06E9006-5332-4A24-8EB5-947CE9E9C4BF}.Debug|Any CPU.Build.0 = Debug|Any CPU
		{C06E9006-5332-4A24-8EB5-947CE9E9C4BF}.Release|Any CPU.ActiveCfg = Release|Any CPU
		{C06E9006-5332-4A24-8EB5-947CE9E9C4BF}.Release|Any CPU.Build.0 = Release|Any CPU
		{BBD4B737-8103-48BC-98D5-27AB17916887}.Debug|Any CPU.ActiveCfg = Debug|Any CPU
		{BBD4B737-8103-48BC-98D5-27AB17916887}.Debug|Any CPU.Build.0 = Debug|Any CPU
		{BBD4B737-8103-48BC-98D5-27AB17916887}.Release|Any CPU.ActiveCfg = Release|Any CPU
		{BBD4B737-8103-48BC-98D5-27AB17916887}.Release|Any CPU.Build.0 = Release|Any CPU
	EndGlobalSection
	GlobalSection(SolutionProperties) = preSolution
		HideSolutionNode = FALSE
	EndGlobalSection
EndGlobal
