
Microsoft Visual Studio Solution File, Format Version 12.00
# Visual Studio 2012
Project("{FAE04EC0-301F-11D3-BF4B-00C04F79EFBC}") = "lgTest", "lgTest\lgTest.csproj", "{551EEF1B-BDB7-4678-BBA6-3EDC01864F28}"
EndProject
Project("{FAE04EC0-301F-11D3-BF4B-00C04F79EFBC}") = "GettingStartedLib", "GettingStartedLib\GettingStartedLib.csproj", "{00965BBD-23B0-451D-8411-DEEED2DA2F48}"
EndProject
Project("{FAE04EC0-301F-11D3-BF4B-00C04F79EFBC}") = "GettingStartedHost", "GettingStartedHost\GettingStartedHost.csproj", "{DC23462E-3A42-4339-9971-9ED7BF236C7B}"
EndProject
Project("{FAE04EC0-301F-11D3-BF4B-00C04F79EFBC}") = "GettingStartedClient", "GettingStartedClient\GettingStartedClient.csproj", "{BB838E21-FFFC-4A82-A3F4-F4E9E07D5D62}"
EndProject
Project("{FAE04EC0-301F-11D3-BF4B-00C04F79EFBC}") = "EventHandler", "EventHandler\EventHandler.csproj", "{CFAEE660-1CF5-4D8B-8AE6-1D22E4E0693E}"
EndProject
Project("{FAE04EC0-301F-11D3-BF4B-00C04F79EFBC}") = "FileMonitor", "FileMonitor\FileMonitor.csproj", "{C87DC687-D65E-4062-A049-B4CBEF6B2126}"
EndProject
Project("{FAE04EC0-301F-11D3-BF4B-00C04F79EFBC}") = "LinqToXml", "LinqToXml\LinqToXml.csproj", "{EE16478D-506E-4321-8C93-69476FCF900F}"
EndProject
Global
	GlobalSection(SolutionConfigurationPlatforms) = preSolution
		Debug|Any CPU = Debug|Any CPU
		Release|Any CPU = Release|Any CPU
	EndGlobalSection
	GlobalSection(ProjectConfigurationPlatforms) = postSolution
		{551EEF1B-BDB7-4678-BBA6-3EDC01864F28}.Debug|Any CPU.ActiveCfg = Debug|Any CPU
		{551EEF1B-BDB7-4678-BBA6-3EDC01864F28}.Debug|Any CPU.Build.0 = Debug|Any CPU
		{551EEF1B-BDB7-4678-BBA6-3EDC01864F28}.Release|Any CPU.ActiveCfg = Release|Any CPU
		{551EEF1B-BDB7-4678-BBA6-3EDC01864F28}.Release|Any CPU.Build.0 = Release|Any CPU
		{00965BBD-23B0-451D-8411-DEEED2DA2F48}.Debug|Any CPU.ActiveCfg = Debug|Any CPU
		{00965BBD-23B0-451D-8411-DEEED2DA2F48}.Debug|Any CPU.Build.0 = Debug|Any CPU
		{00965BBD-23B0-451D-8411-DEEED2DA2F48}.Release|Any CPU.ActiveCfg = Release|Any CPU
		{00965BBD-23B0-451D-8411-DEEED2DA2F48}.Release|Any CPU.Build.0 = Release|Any CPU
		{DC23462E-3A42-4339-9971-9ED7BF236C7B}.Debug|Any CPU.ActiveCfg = Debug|Any CPU
		{DC23462E-3A42-4339-9971-9ED7BF236C7B}.Debug|Any CPU.Build.0 = Debug|Any CPU
		{DC23462E-3A42-4339-9971-9ED7BF236C7B}.Release|Any CPU.ActiveCfg = Release|Any CPU
		{DC23462E-3A42-4339-9971-9ED7BF236C7B}.Release|Any CPU.Build.0 = Release|Any CPU
		{BB838E21-FFFC-4A82-A3F4-F4E9E07D5D62}.Debug|Any CPU.ActiveCfg = Debug|Any CPU
		{BB838E21-FFFC-4A82-A3F4-F4E9E07D5D62}.Debug|Any CPU.Build.0 = Debug|Any CPU
		{BB838E21-FFFC-4A82-A3F4-F4E9E07D5D62}.Release|Any CPU.ActiveCfg = Release|Any CPU
		{BB838E21-FFFC-4A82-A3F4-F4E9E07D5D62}.Release|Any CPU.Build.0 = Release|Any CPU
		{CFAEE660-1CF5-4D8B-8AE6-1D22E4E0693E}.Debug|Any CPU.ActiveCfg = Debug|Any CPU
		{CFAEE660-1CF5-4D8B-8AE6-1D22E4E0693E}.Debug|Any CPU.Build.0 = Debug|Any CPU
		{CFAEE660-1CF5-4D8B-8AE6-1D22E4E0693E}.Release|Any CPU.ActiveCfg = Release|Any CPU
		{CFAEE660-1CF5-4D8B-8AE6-1D22E4E0693E}.Release|Any CPU.Build.0 = Release|Any CPU
		{C87DC687-D65E-4062-A049-B4CBEF6B2126}.Debug|Any CPU.ActiveCfg = Debug|Any CPU
		{C87DC687-D65E-4062-A049-B4CBEF6B2126}.Debug|Any CPU.Build.0 = Debug|Any CPU
		{C87DC687-D65E-4062-A049-B4CBEF6B2126}.Release|Any CPU.ActiveCfg = Release|Any CPU
		{C87DC687-D65E-4062-A049-B4CBEF6B2126}.Release|Any CPU.Build.0 = Release|Any CPU
		{EE16478D-506E-4321-8C93-69476FCF900F}.Debug|Any CPU.ActiveCfg = Debug|Any CPU
		{EE16478D-506E-4321-8C93-69476FCF900F}.Debug|Any CPU.Build.0 = Debug|Any CPU
		{EE16478D-506E-4321-8C93-69476FCF900F}.Release|Any CPU.ActiveCfg = Release|Any CPU
		{EE16478D-506E-4321-8C93-69476FCF900F}.Release|Any CPU.Build.0 = Release|Any CPU
	EndGlobalSection
	GlobalSection(SolutionProperties) = preSolution
		HideSolutionNode = FALSE
	EndGlobalSection
EndGlobal
